
Microsoft Visual Studio Solution File, Format Version 12.00
# Visual Studio Version 16
VisualStudioVersion = 16.0.32002.261
MinimumVisualStudioVersion = 10.0.40219.1
Project("{FAE04EC0-301F-11D3-BF4B-00C04F79EFBC}") = "16022022TelefonRehberi", "16022022TelefonRehberi\16022022TelefonRehberi.csproj", "{87BA539D-70A6-4A4A-ABCE-E32FC6B1F678}"
EndProject
Global
	GlobalSection(SolutionConfigurationPlatforms) = preSolution
		Debug|Any CPU = Debug|Any CPU
		Release|Any CPU = Release|Any CPU
	EndGlobalSection
	GlobalSection(ProjectConfigurationPlatforms) = postSolution
		{87BA539D-70A6-4A4A-ABCE-E32FC6B1F678}.Debug|Any CPU.ActiveCfg = Debug|Any CPU
		{87BA539D-70A6-4A4A-ABCE-E32FC6B1F678}.Debug|Any CPU.Build.0 = Debug|Any CPU
		{87BA539D-70A6-4A4A-ABCE-E32FC6B1F678}.Release|Any CPU.ActiveCfg = Release|Any CPU
		{87BA539D-70A6-4A4A-ABCE-E32FC6B1F678}.Release|Any CPU.Build.0 = Release|Any CPU
	EndGlobalSection
	GlobalSection(SolutionProperties) = preSolution
		HideSolutionNode = FALSE
	EndGlobalSection
	GlobalSection(ExtensibilityGlobals) = postSolution
		SolutionGuid = {633E92AF-276C-419F-93A5-01A2CE8F93E3}
	EndGlobalSection
EndGlobal
